{
  "name": "usm.empfangsinterface",
  "lockfileVersion": 2,
  "requires": true,
  "packages": {
    "": {
      "dependencies": {
        "simple-keyboard": "^3.6.32"
      }
    },
    "node_modules/simple-keyboard": {
      "version": "3.6.32",
      "resolved": "https://registry.npmjs.org/simple-keyboard/-/simple-keyboard-3.6.32.tgz",
      "integrity": "sha512-jHyT2466bVel2rhNDhVLsUZgPSMF3yqz8AydGyoMoHOe6NpdLSKSnb2rul8h7sn3IaNt8G0r5m9k/n0UftgN1w=="
    }
  },
  "dependencies": {
    "simple-keyboard": {
      "version": "3.6.32",
      "resolved": "https://registry.npmjs.org/simple-keyboard/-/simple-keyboard-3.6.32.tgz",
      "integrity": "sha512-jHyT2466bVel2rhNDhVLsUZgPSMF3yqz8AydGyoMoHOe6NpdLSKSnb2rul8h7sn3IaNt8G0r5m9k/n0UftgN1w=="
    }
  }
}
